
Microsoft Visual Studio Solution File, Format Version 12.00
# Visual Studio 15
VisualStudioVersion = 15.0.26228.9
MinimumVisualStudioVersion = 10.0.40219.1
Project("{FAE04EC0-301F-11D3-BF4B-00C04F79EFBC}") = "Grammar", "Grammar\Grammar.csproj", "{1858FB82-B1FB-40F2-9390-87D755A414DC}"
EndProject
Project("{FAE04EC0-301F-11D3-BF4B-00C04F79EFBC}") = "IntermediateCodeGenerator", "IntermediateCodeGenerator\IntermediateCodeGenerator.csproj", "{2E941D4C-940D-4199-85A2-CA3BA875D690}"
EndProject
Global
	GlobalSection(SolutionConfigurationPlatforms) = preSolution
		Debug|Any CPU = Debug|Any CPU
		Release|Any CPU = Release|Any CPU
	EndGlobalSection
	GlobalSection(ProjectConfigurationPlatforms) = postSolution
		{1858FB82-B1FB-40F2-9390-87D755A414DC}.Debug|Any CPU.ActiveCfg = Debug|Any CPU
		{1858FB82-B1FB-40F2-9390-87D755A414DC}.Debug|Any CPU.Build.0 = Debug|Any CPU
		{1858FB82-B1FB-40F2-9390-87D755A414DC}.Release|Any CPU.ActiveCfg = Release|Any CPU
		{1858FB82-B1FB-40F2-9390-87D755A414DC}.Release|Any CPU.Build.0 = Release|Any CPU
		{2E941D4C-940D-4199-85A2-CA3BA875D690}.Debug|Any CPU.ActiveCfg = Debug|Any CPU
		{2E941D4C-940D-4199-85A2-CA3BA875D690}.Debug|Any CPU.Build.0 = Debug|Any CPU
		{2E941D4C-940D-4199-85A2-CA3BA875D690}.Release|Any CPU.ActiveCfg = Release|Any CPU
		{2E941D4C-940D-4199-85A2-CA3BA875D690}.Release|Any CPU.Build.0 = Release|Any CPU
	EndGlobalSection
	GlobalSection(SolutionProperties) = preSolution
		HideSolutionNode = FALSE
	EndGlobalSection
EndGlobal
